
Microsoft Visual Studio Solution File, Format Version 12.00
# Visual Studio Version 17
VisualStudioVersion = 17.4.33205.214
MinimumVisualStudioVersion = 10.0.40219.1
Project("{9A19103F-16F7-4668-BE54-9A1E7A4F7556}") = "YandexMusicAPI", "YandexMusicAPI\YandexMusicAPI.csproj", "{9F7F5D9C-A73C-47FC-8AF7-6425F769FAA3}"
EndProject
Project("{FAE04EC0-301F-11D3-BF4B-00C04F79EFBC}") = "Tests", "Tests\Tests.csproj", "{304A1D44-B7CA-4A55-AA19-5F96AB86566A}"
	ProjectSection(ProjectDependencies) = postProject
		{9F7F5D9C-A73C-47FC-8AF7-6425F769FAA3} = {9F7F5D9C-A73C-47FC-8AF7-6425F769FAA3}
	EndProjectSection
EndProject
Global
	GlobalSection(SolutionConfigurationPlatforms) = preSolution
		Debug|Any CPU = Debug|Any CPU
		Release|Any CPU = Release|Any CPU
	EndGlobalSection
	GlobalSection(ProjectConfigurationPlatforms) = postSolution
		{9F7F5D9C-A73C-47FC-8AF7-6425F769FAA3}.Debug|Any CPU.ActiveCfg = Debug|Any CPU
		{9F7F5D9C-A73C-47FC-8AF7-6425F769FAA3}.Debug|Any CPU.Build.0 = Debug|Any CPU
		{9F7F5D9C-A73C-47FC-8AF7-6425F769FAA3}.Release|Any CPU.ActiveCfg = Release|Any CPU
		{9F7F5D9C-A73C-47FC-8AF7-6425F769FAA3}.Release|Any CPU.Build.0 = Release|Any CPU
		{304A1D44-B7CA-4A55-AA19-5F96AB86566A}.Debug|Any CPU.ActiveCfg = Debug|Any CPU
		{304A1D44-B7CA-4A55-AA19-5F96AB86566A}.Debug|Any CPU.Build.0 = Debug|Any CPU
		{304A1D44-B7CA-4A55-AA19-5F96AB86566A}.Release|Any CPU.ActiveCfg = Release|Any CPU
		{304A1D44-B7CA-4A55-AA19-5F96AB86566A}.Release|Any CPU.Build.0 = Release|Any CPU
	EndGlobalSection
	GlobalSection(SolutionProperties) = preSolution
		HideSolutionNode = FALSE
	EndGlobalSection
	GlobalSection(ExtensibilityGlobals) = postSolution
		SolutionGuid = {64BCBD5E-9D5B-4982-BCD8-BF3F2E32CCC0}
	EndGlobalSection
EndGlobal
